
Microsoft Visual Studio Solution File, Format Version 12.00
# Visual Studio Version 16
VisualStudioVersion = 16.0.31702.278
MinimumVisualStudioVersion = 10.0.40219.1
Project("{FAE04EC0-301F-11D3-BF4B-00C04F79EFBC}") = "HotelResFE", "HotelResFE\HotelResFE.csproj", "{70EF698A-4975-43AE-865D-6FC967153043}"
EndProject
Global
	GlobalSection(SolutionConfigurationPlatforms) = preSolution
		Debug|Any CPU = Debug|Any CPU
		Release|Any CPU = Release|Any CPU
	EndGlobalSection
	GlobalSection(ProjectConfigurationPlatforms) = postSolution
		{70EF698A-4975-43AE-865D-6FC967153043}.Debug|Any CPU.ActiveCfg = Debug|Any CPU
		{70EF698A-4975-43AE-865D-6FC967153043}.Debug|Any CPU.Build.0 = Debug|Any CPU
		{70EF698A-4975-43AE-865D-6FC967153043}.Release|Any CPU.ActiveCfg = Release|Any CPU
		{70EF698A-4975-43AE-865D-6FC967153043}.Release|Any CPU.Build.0 = Release|Any CPU
	EndGlobalSection
	GlobalSection(SolutionProperties) = preSolution
		HideSolutionNode = FALSE
	EndGlobalSection
	GlobalSection(ExtensibilityGlobals) = postSolution
		SolutionGuid = {5B2D4550-D18F-4D3F-A513-EA49AF48C981}
	EndGlobalSection
EndGlobal
